// !$*UTF8*$!
{
	archiveVersion = 1;
	classes = {
	};
	objectVersion = 50;
	objects = {

/* Begin PBXBuildFile section */
		1CA1D8E6D78565487C249342 /* Pods_remindMeTests.framework in Frameworks */ = {isa = PBXBuildFile; fileRef = 65B3E3567EB1601D9E258CEE /* Pods_remindMeTests.framework */; };
		2028877C219B95AB009C517C /* UIViewControllers+Extension.swift in Sources */ = {isa = PBXBuildFile; fileRef = 2028877B219B95AB009C517C /* UIViewControllers+Extension.swift */; };
		2028877D219B95AB009C517C /* UIViewControllers+Extension.swift in Sources */ = {isa = PBXBuildFile; fileRef = 2028877B219B95AB009C517C /* UIViewControllers+Extension.swift */; };
		204B9BE3214C82CE000A1619 /* AppDelegate.swift in Sources */ = {isa = PBXBuildFile; fileRef = 204B9BE2214C82CE000A1619 /* AppDelegate.swift */; };
		204B9BE5214C82CE000A1619 /* ViewController.swift in Sources */ = {isa = PBXBuildFile; fileRef = 204B9BE4214C82CE000A1619 /* ViewController.swift */; };
		204B9BE8214C82CE000A1619 /* Main.storyboard in Resources */ = {isa = PBXBuildFile; fileRef = 204B9BE6214C82CE000A1619 /* Main.storyboard */; };
		204B9BEA214C82D0000A1619 /* Assets.xcassets in Resources */ = {isa = PBXBuildFile; fileRef = 204B9BE9214C82D0000A1619 /* Assets.xcassets */; };
		204B9BED214C82D0000A1619 /* LaunchScreen.storyboard in Resources */ = {isa = PBXBuildFile; fileRef = 204B9BEB214C82D0000A1619 /* LaunchScreen.storyboard */; };
		204B9BF8214C82D0000A1619 /* remindMeTests.swift in Sources */ = {isa = PBXBuildFile; fileRef = 204B9BF7214C82D0000A1619 /* remindMeTests.swift */; };
		208AD46E21A5EDFE00F8C331 /* GoogleService-Info.plist in Resources */ = {isa = PBXBuildFile; fileRef = 208AD46D21A5EDFE00F8C331 /* GoogleService-Info.plist */; };
		208AD47021A5FF3C00F8C331 /* GoupCustomView.swift in Sources */ = {isa = PBXBuildFile; fileRef = 208AD46F21A5FF3C00F8C331 /* GoupCustomView.swift */; };
		20919678219E2B4500BCE0F9 /* remindMeTests.swift in Sources */ = {isa = PBXBuildFile; fileRef = 204B9BF7214C82D0000A1619 /* remindMeTests.swift */; };
		20A0E5CE2151C05100F0F049 /* User.swift in Sources */ = {isa = PBXBuildFile; fileRef = 20A0E5CC2151C05100F0F049 /* User.swift */; };
		20A0E5CF2151C05100F0F049 /* Group.swift in Sources */ = {isa = PBXBuildFile; fileRef = 20A0E5CD2151C05100F0F049 /* Group.swift */; };
		20A0E5D12151C97400F0F049 /* GeoCoder.swift in Sources */ = {isa = PBXBuildFile; fileRef = 20A0E5D02151C97400F0F049 /* GeoCoder.swift */; };
		20B38345215435790056F1DA /* Constant.swift in Sources */ = {isa = PBXBuildFile; fileRef = 20B38344215435790056F1DA /* Constant.swift */; };
		20B3834921543B860056F1DA /* GroupServices.swift in Sources */ = {isa = PBXBuildFile; fileRef = 20B3834821543B860056F1DA /* GroupServices.swift */; };
		20B3834B21543BA30056F1DA /* UserServices.swift in Sources */ = {isa = PBXBuildFile; fileRef = 20B3834A21543BA30056F1DA /* UserServices.swift */; };
		20C02DA3219F68D1009AD46E /* String+Extensions.swift in Sources */ = {isa = PBXBuildFile; fileRef = 20C02DA1219F68D1009AD46E /* String+Extensions.swift */; };
		20C02DA4219F68D1009AD46E /* Date+Extensions.swift in Sources */ = {isa = PBXBuildFile; fileRef = 20C02DA2219F68D1009AD46E /* Date+Extensions.swift */; };
		20D913AD21A63AF5007170A1 /* CustomViews.swift in Sources */ = {isa = PBXBuildFile; fileRef = 20D913AC21A63AF5007170A1 /* CustomViews.swift */; };
		20D913AF21A763AC007170A1 /* ReminderView.swift in Sources */ = {isa = PBXBuildFile; fileRef = 20D913AE21A763AC007170A1 /* ReminderView.swift */; };
		20D913B121A8904B007170A1 /* NewReminderViewController.swift in Sources */ = {isa = PBXBuildFile; fileRef = 20D913B021A8904B007170A1 /* NewReminderViewController.swift */; };
		B802513B2159E47A00311405 /* CreateReminderViewController+Extension.swift in Sources */ = {isa = PBXBuildFile; fileRef = B802513A2159E47A00311405 /* CreateReminderViewController+Extension.swift */; };
		B802513D2159F8AD00311405 /* CreateGroupViewController+Extension.swift in Sources */ = {isa = PBXBuildFile; fileRef = B802513C2159F8AD00311405 /* CreateGroupViewController+Extension.swift */; };
		B802513F2159FA3E00311405 /* JSONEncoder+Extension.swift in Sources */ = {isa = PBXBuildFile; fileRef = B802513E2159FA3E00311405 /* JSONEncoder+Extension.swift */; };
		B80251412159FA7E00311405 /* JSONDecoder+Extension.swift in Sources */ = {isa = PBXBuildFile; fileRef = B80251402159FA7E00311405 /* JSONDecoder+Extension.swift */; };
		B80AA767215EE33F001BA1ED /* Date+String+Extension.swift in Sources */ = {isa = PBXBuildFile; fileRef = B80AA766215EE33F001BA1ED /* Date+String+Extension.swift */; };
		B80B5FBE2154AF0D0008675D /* EventType.swift in Sources */ = {isa = PBXBuildFile; fileRef = B80B5FBD2154AF0D0008675D /* EventType.swift */; };
		B8193DD82196491C007CE160 /* UIView+Extension.swift in Sources */ = {isa = PBXBuildFile; fileRef = B8193DD72196491C007CE160 /* UIView+Extension.swift */; };
		B838DC0A21B4C8F300F0C16F /* SignInViewController+Extensions.swift in Sources */ = {isa = PBXBuildFile; fileRef = B838DC0921B4C8F300F0C16F /* SignInViewController+Extensions.swift */; };
		B83C11F82151B9E800A6BAE3 /* GroupListViewController.swift in Sources */ = {isa = PBXBuildFile; fileRef = B83C11F72151B9E800A6BAE3 /* GroupListViewController.swift */; };
		B85B9B75215C71FA00A52C10 /* ReminderServices.swift in Sources */ = {isa = PBXBuildFile; fileRef = B85B9B74215C71FA00A52C10 /* ReminderServices.swift */; };
		B85B9B77215C876C00A52C10 /* Int+Extension.swift in Sources */ = {isa = PBXBuildFile; fileRef = B85B9B76215C876C00A52C10 /* Int+Extension.swift */; };
		B85CD7B82154648D002027A5 /* ReminderListViewController.swift in Sources */ = {isa = PBXBuildFile; fileRef = B85CD7B72154648D002027A5 /* ReminderListViewController.swift */; };
		B85CD7BB215464FB002027A5 /* CreateGroupViewController.swift in Sources */ = {isa = PBXBuildFile; fileRef = B85CD7BA215464FB002027A5 /* CreateGroupViewController.swift */; };
		B85CD7BD21546514002027A5 /* CreateReminderViewController.swift in Sources */ = {isa = PBXBuildFile; fileRef = B85CD7BC21546514002027A5 /* CreateReminderViewController.swift */; };
		B87AA691218FE20800BDB606 /* UIColor+Extension.swift in Sources */ = {isa = PBXBuildFile; fileRef = B87AA690218FE20800BDB606 /* UIColor+Extension.swift */; };
		B87C8E6F215B1B7100560397 /* Reminder.swift in Sources */ = {isa = PBXBuildFile; fileRef = B87C8E6E215B1B7100560397 /* Reminder.swift */; };
		B8AB97D42157159500A6A3C7 /* ReminderListTableViewCell.swift in Sources */ = {isa = PBXBuildFile; fileRef = B8AB97D32157159500A6A3C7 /* ReminderListTableViewCell.swift */; };
		B8AB97D62157164B00A6A3C7 /* ReminderListViewController+Extension.swift in Sources */ = {isa = PBXBuildFile; fileRef = B8AB97D52157164B00A6A3C7 /* ReminderListViewController+Extension.swift */; };
		B8B990552173BECE00850027 /* SignUpViewController.swift in Sources */ = {isa = PBXBuildFile; fileRef = B8B990542173BECE00850027 /* SignUpViewController.swift */; };
		B8CA1FB32186712100D036DE /* NetworkManager.swift in Sources */ = {isa = PBXBuildFile; fileRef = B8CA1FB22186712100D036DE /* NetworkManager.swift */; };
		B8CA1FB521867E3900D036DE /* OfflineViewController.swift in Sources */ = {isa = PBXBuildFile; fileRef = B8CA1FB421867E3900D036DE /* OfflineViewController.swift */; };
		B8E63EAB2151E9D200DC3C5C /* GroupListTableViewCell.swift in Sources */ = {isa = PBXBuildFile; fileRef = B8E63EAA2151E9D200DC3C5C /* GroupListTableViewCell.swift */; };
		B8E63EAE2151EB7D00DC3C5C /* GroupListViewController+Extension .swift in Sources */ = {isa = PBXBuildFile; fileRef = B8E63EAD2151EB7D00DC3C5C /* GroupListViewController+Extension .swift */; };
		B8F8C1C52173CB7F006BDBD3 /* SignInViewController.swift in Sources */ = {isa = PBXBuildFile; fileRef = B8F8C1C42173CB7F006BDBD3 /* SignInViewController.swift */; };
		CAA0C4B79FF64B02EBA4DF5B /* Pods_remindMe.framework in Frameworks */ = {isa = PBXBuildFile; fileRef = 5DE44E3A8AEB7625349D0263 /* Pods_remindMe.framework */; };
/* End PBXBuildFile section */

/* Begin PBXContainerItemProxy section */
		204B9BF4214C82D0000A1619 /* PBXContainerItemProxy */ = {
			isa = PBXContainerItemProxy;
			containerPortal = 204B9BD7214C82CE000A1619 /* Project object */;
			proxyType = 1;
			remoteGlobalIDString = 204B9BDE214C82CE000A1619;
			remoteInfo = remindMe;
		};
/* End PBXContainerItemProxy section */

/* Begin PBXFileReference section */
		2028877B219B95AB009C517C /* UIViewControllers+Extension.swift */ = {isa = PBXFileReference; fileEncoding = 4; lastKnownFileType = sourcecode.swift; path = "UIViewControllers+Extension.swift"; sourceTree = "<group>"; };
		204B9BDF214C82CE000A1619 /* remindMe.app */ = {isa = PBXFileReference; explicitFileType = wrapper.application; includeInIndex = 0; path = remindMe.app; sourceTree = BUILT_PRODUCTS_DIR; };
		204B9BE2214C82CE000A1619 /* AppDelegate.swift */ = {isa = PBXFileReference; lastKnownFileType = sourcecode.swift; path = AppDelegate.swift; sourceTree = "<group>"; };
		204B9BE4214C82CE000A1619 /* ViewController.swift */ = {isa = PBXFileReference; lastKnownFileType = sourcecode.swift; path = ViewController.swift; sourceTree = "<group>"; };
		204B9BE7214C82CE000A1619 /* Base */ = {isa = PBXFileReference; lastKnownFileType = file.storyboard; name = Base; path = Base.lproj/Main.storyboard; sourceTree = "<group>"; };
		204B9BE9214C82D0000A1619 /* Assets.xcassets */ = {isa = PBXFileReference; lastKnownFileType = folder.assetcatalog; path = Assets.xcassets; sourceTree = "<group>"; };
		204B9BEC214C82D0000A1619 /* Base */ = {isa = PBXFileReference; lastKnownFileType = file.storyboard; name = Base; path = Base.lproj/LaunchScreen.storyboard; sourceTree = "<group>"; };
		204B9BEE214C82D0000A1619 /* Info.plist */ = {isa = PBXFileReference; lastKnownFileType = text.plist.xml; path = Info.plist; sourceTree = "<group>"; };
		204B9BF3214C82D0000A1619 /* remindMeTests.xctest */ = {isa = PBXFileReference; explicitFileType = wrapper.cfbundle; includeInIndex = 0; path = remindMeTests.xctest; sourceTree = BUILT_PRODUCTS_DIR; };
		204B9BF7214C82D0000A1619 /* remindMeTests.swift */ = {isa = PBXFileReference; lastKnownFileType = sourcecode.swift; path = remindMeTests.swift; sourceTree = "<group>"; };
		204B9BF9214C82D0000A1619 /* Info.plist */ = {isa = PBXFileReference; lastKnownFileType = text.plist.xml; path = Info.plist; sourceTree = "<group>"; };
		208AD46D21A5EDFE00F8C331 /* GoogleService-Info.plist */ = {isa = PBXFileReference; fileEncoding = 4; lastKnownFileType = text.plist.xml; path = "GoogleService-Info.plist"; sourceTree = "<group>"; };
		208AD46F21A5FF3C00F8C331 /* GoupCustomView.swift */ = {isa = PBXFileReference; lastKnownFileType = sourcecode.swift; path = GoupCustomView.swift; sourceTree = "<group>"; };
		209B3253C77C7CA9A185BC92 /* Pods-remindMeTests.release.xcconfig */ = {isa = PBXFileReference; includeInIndex = 1; lastKnownFileType = text.xcconfig; name = "Pods-remindMeTests.release.xcconfig"; path = "Pods/Target Support Files/Pods-remindMeTests/Pods-remindMeTests.release.xcconfig"; sourceTree = "<group>"; };
		20A0E5CC2151C05100F0F049 /* User.swift */ = {isa = PBXFileReference; fileEncoding = 4; lastKnownFileType = sourcecode.swift; path = User.swift; sourceTree = "<group>"; };
		20A0E5CD2151C05100F0F049 /* Group.swift */ = {isa = PBXFileReference; fileEncoding = 4; lastKnownFileType = sourcecode.swift; path = Group.swift; sourceTree = "<group>"; };
		20A0E5D02151C97400F0F049 /* GeoCoder.swift */ = {isa = PBXFileReference; lastKnownFileType = sourcecode.swift; path = GeoCoder.swift; sourceTree = "<group>"; };
		20B38344215435790056F1DA /* Constant.swift */ = {isa = PBXFileReference; lastKnownFileType = sourcecode.swift; path = Constant.swift; sourceTree = "<group>"; };
		20B3834821543B860056F1DA /* GroupServices.swift */ = {isa = PBXFileReference; lastKnownFileType = sourcecode.swift; path = GroupServices.swift; sourceTree = "<group>"; };
		20B3834A21543BA30056F1DA /* UserServices.swift */ = {isa = PBXFileReference; fileEncoding = 4; lastKnownFileType = sourcecode.swift; path = UserServices.swift; sourceTree = "<group>"; };
		20C02DA1219F68D1009AD46E /* String+Extensions.swift */ = {isa = PBXFileReference; fileEncoding = 4; lastKnownFileType = sourcecode.swift; path = "String+Extensions.swift"; sourceTree = "<group>"; };
		20C02DA2219F68D1009AD46E /* Date+Extensions.swift */ = {isa = PBXFileReference; fileEncoding = 4; lastKnownFileType = sourcecode.swift; path = "Date+Extensions.swift"; sourceTree = "<group>"; };
		20D913AC21A63AF5007170A1 /* CustomViews.swift */ = {isa = PBXFileReference; lastKnownFileType = sourcecode.swift; path = CustomViews.swift; sourceTree = "<group>"; };
		20D913AE21A763AC007170A1 /* ReminderView.swift */ = {isa = PBXFileReference; lastKnownFileType = sourcecode.swift; path = ReminderView.swift; sourceTree = "<group>"; };
		20D913B021A8904B007170A1 /* NewReminderViewController.swift */ = {isa = PBXFileReference; lastKnownFileType = sourcecode.swift; path = NewReminderViewController.swift; sourceTree = "<group>"; };
		485997FAB326B9B07BEDF111 /* Pods-remindMe.debug.xcconfig */ = {isa = PBXFileReference; includeInIndex = 1; lastKnownFileType = text.xcconfig; name = "Pods-remindMe.debug.xcconfig"; path = "Pods/Target Support Files/Pods-remindMe/Pods-remindMe.debug.xcconfig"; sourceTree = "<group>"; };
		50224F522EBBC67AC465D00D /* Pods-remindMeTests.debug.xcconfig */ = {isa = PBXFileReference; includeInIndex = 1; lastKnownFileType = text.xcconfig; name = "Pods-remindMeTests.debug.xcconfig"; path = "Pods/Target Support Files/Pods-remindMeTests/Pods-remindMeTests.debug.xcconfig"; sourceTree = "<group>"; };
		5DE44E3A8AEB7625349D0263 /* Pods_remindMe.framework */ = {isa = PBXFileReference; explicitFileType = wrapper.framework; includeInIndex = 0; path = Pods_remindMe.framework; sourceTree = BUILT_PRODUCTS_DIR; };
		65B3E3567EB1601D9E258CEE /* Pods_remindMeTests.framework */ = {isa = PBXFileReference; explicitFileType = wrapper.framework; includeInIndex = 0; path = Pods_remindMeTests.framework; sourceTree = BUILT_PRODUCTS_DIR; };
		B802513A2159E47A00311405 /* CreateReminderViewController+Extension.swift */ = {isa = PBXFileReference; lastKnownFileType = sourcecode.swift; path = "CreateReminderViewController+Extension.swift"; sourceTree = "<group>"; };
		B802513C2159F8AD00311405 /* CreateGroupViewController+Extension.swift */ = {isa = PBXFileReference; lastKnownFileType = sourcecode.swift; path = "CreateGroupViewController+Extension.swift"; sourceTree = "<group>"; };
		B802513E2159FA3E00311405 /* JSONEncoder+Extension.swift */ = {isa = PBXFileReference; lastKnownFileType = sourcecode.swift; path = "JSONEncoder+Extension.swift"; sourceTree = "<group>"; };
		B80251402159FA7E00311405 /* JSONDecoder+Extension.swift */ = {isa = PBXFileReference; lastKnownFileType = sourcecode.swift; path = "JSONDecoder+Extension.swift"; sourceTree = "<group>"; };
		B80AA766215EE33F001BA1ED /* Date+String+Extension.swift */ = {isa = PBXFileReference; lastKnownFileType = sourcecode.swift; path = "Date+String+Extension.swift"; sourceTree = "<group>"; };
		B80B5FBD2154AF0D0008675D /* EventType.swift */ = {isa = PBXFileReference; lastKnownFileType = sourcecode.swift; path = EventType.swift; sourceTree = "<group>"; };
		B8193DD72196491C007CE160 /* UIView+Extension.swift */ = {isa = PBXFileReference; fileEncoding = 4; lastKnownFileType = sourcecode.swift; path = "UIView+Extension.swift"; sourceTree = "<group>"; };
		B838DC0921B4C8F300F0C16F /* SignInViewController+Extensions.swift */ = {isa = PBXFileReference; lastKnownFileType = sourcecode.swift; path = "SignInViewController+Extensions.swift"; sourceTree = "<group>"; };
		B83C11F72151B9E800A6BAE3 /* GroupListViewController.swift */ = {isa = PBXFileReference; lastKnownFileType = sourcecode.swift; path = GroupListViewController.swift; sourceTree = "<group>"; };
		B85B9B74215C71FA00A52C10 /* ReminderServices.swift */ = {isa = PBXFileReference; lastKnownFileType = sourcecode.swift; path = ReminderServices.swift; sourceTree = "<group>"; };
		B85B9B76215C876C00A52C10 /* Int+Extension.swift */ = {isa = PBXFileReference; lastKnownFileType = sourcecode.swift; path = "Int+Extension.swift"; sourceTree = "<group>"; };
		B85CD7B72154648D002027A5 /* ReminderListViewController.swift */ = {isa = PBXFileReference; lastKnownFileType = sourcecode.swift; path = ReminderListViewController.swift; sourceTree = "<group>"; };
		B85CD7BA215464FB002027A5 /* CreateGroupViewController.swift */ = {isa = PBXFileReference; lastKnownFileType = sourcecode.swift; path = CreateGroupViewController.swift; sourceTree = "<group>"; };
		B85CD7BC21546514002027A5 /* CreateReminderViewController.swift */ = {isa = PBXFileReference; lastKnownFileType = sourcecode.swift; path = CreateReminderViewController.swift; sourceTree = "<group>"; };
		B87AA690218FE20800BDB606 /* UIColor+Extension.swift */ = {isa = PBXFileReference; fileEncoding = 4; lastKnownFileType = sourcecode.swift; path = "UIColor+Extension.swift"; sourceTree = "<group>"; };
		B87C8E6E215B1B7100560397 /* Reminder.swift */ = {isa = PBXFileReference; lastKnownFileType = sourcecode.swift; path = Reminder.swift; sourceTree = "<group>"; };
		B8AB97D32157159500A6A3C7 /* ReminderListTableViewCell.swift */ = {isa = PBXFileReference; lastKnownFileType = sourcecode.swift; path = ReminderListTableViewCell.swift; sourceTree = "<group>"; };
		B8AB97D52157164B00A6A3C7 /* ReminderListViewController+Extension.swift */ = {isa = PBXFileReference; lastKnownFileType = sourcecode.swift; path = "ReminderListViewController+Extension.swift"; sourceTree = "<group>"; };
		B8B990542173BECE00850027 /* SignUpViewController.swift */ = {isa = PBXFileReference; lastKnownFileType = sourcecode.swift; path = SignUpViewController.swift; sourceTree = "<group>"; };
		B8CA1FB22186712100D036DE /* NetworkManager.swift */ = {isa = PBXFileReference; lastKnownFileType = sourcecode.swift; path = NetworkManager.swift; sourceTree = "<group>"; };
		B8CA1FB421867E3900D036DE /* OfflineViewController.swift */ = {isa = PBXFileReference; lastKnownFileType = sourcecode.swift; path = OfflineViewController.swift; sourceTree = "<group>"; };
		B8E63EAA2151E9D200DC3C5C /* GroupListTableViewCell.swift */ = {isa = PBXFileReference; lastKnownFileType = sourcecode.swift; path = GroupListTableViewCell.swift; sourceTree = "<group>"; };
		B8E63EAD2151EB7D00DC3C5C /* GroupListViewController+Extension .swift */ = {isa = PBXFileReference; lastKnownFileType = sourcecode.swift; path = "GroupListViewController+Extension .swift"; sourceTree = "<group>"; };
		B8F8C1C42173CB7F006BDBD3 /* SignInViewController.swift */ = {isa = PBXFileReference; lastKnownFileType = sourcecode.swift; path = SignInViewController.swift; sourceTree = "<group>"; };
		E32CFE63E4E49BB60953C9FF /* Pods-remindMe.release.xcconfig */ = {isa = PBXFileReference; includeInIndex = 1; lastKnownFileType = text.xcconfig; name = "Pods-remindMe.release.xcconfig"; path = "Pods/Target Support Files/Pods-remindMe/Pods-remindMe.release.xcconfig"; sourceTree = "<group>"; };
/* End PBXFileReference section */

/* Begin PBXFrameworksBuildPhase section */
		204B9BDC214C82CE000A1619 /* Frameworks */ = {
			isa = PBXFrameworksBuildPhase;
			buildActionMask = 2147483647;
			files = (
				CAA0C4B79FF64B02EBA4DF5B /* Pods_remindMe.framework in Frameworks */,
			);
			runOnlyForDeploymentPostprocessing = 0;
		};
		204B9BF0214C82D0000A1619 /* Frameworks */ = {
			isa = PBXFrameworksBuildPhase;
			buildActionMask = 2147483647;
			files = (
				1CA1D8E6D78565487C249342 /* Pods_remindMeTests.framework in Frameworks */,
			);
			runOnlyForDeploymentPostprocessing = 0;
		};
/* End PBXFrameworksBuildPhase section */

/* Begin PBXGroup section */
		204B9BD6214C82CE000A1619 = {
			isa = PBXGroup;
			children = (
				204B9BE1214C82CE000A1619 /* remindMe */,
				204B9BF6214C82D0000A1619 /* remindMeTests */,
				204B9BE0214C82CE000A1619 /* Products */,
				A9BB48B3A7B8887E15B941E7 /* Pods */,
				F34C344C1DA96673C3A56DA8 /* Frameworks */,
			);
			sourceTree = "<group>";
		};
		204B9BE0214C82CE000A1619 /* Products */ = {
			isa = PBXGroup;
			children = (
				204B9BDF214C82CE000A1619 /* remindMe.app */,
				204B9BF3214C82D0000A1619 /* remindMeTests.xctest */,
			);
			name = Products;
			sourceTree = "<group>";
		};
		204B9BE1214C82CE000A1619 /* remindMe */ = {
			isa = PBXGroup;
			children = (
				B80251372159D79F00311405 /* Helpers */,
				208053852151B7FE002CAAE4 /* Services */,
				208053842151B7F6002CAAE4 /* Models */,
				B8E63EAC2151E9F100DC3C5C /* Extensions */,
				B8E63EA92151E96900DC3C5C /* Views */,
				B83C11F62151B99800A6BAE3 /* Controllers */,
				204B9BE2214C82CE000A1619 /* AppDelegate.swift */,
				204B9BE4214C82CE000A1619 /* ViewController.swift */,
				204B9BE6214C82CE000A1619 /* Main.storyboard */,
				204B9BE9214C82D0000A1619 /* Assets.xcassets */,
				204B9BEB214C82D0000A1619 /* LaunchScreen.storyboard */,
				208AD46D21A5EDFE00F8C331 /* GoogleService-Info.plist */,
				204B9BEE214C82D0000A1619 /* Info.plist */,
			);
			path = remindMe;
			sourceTree = "<group>";
		};
		204B9BF6214C82D0000A1619 /* remindMeTests */ = {
			isa = PBXGroup;
			children = (
				204B9BF7214C82D0000A1619 /* remindMeTests.swift */,
				204B9BF9214C82D0000A1619 /* Info.plist */,
			);
			path = remindMeTests;
			sourceTree = "<group>";
		};
		208053842151B7F6002CAAE4 /* Models */ = {
			isa = PBXGroup;
			children = (
				20A0E5CD2151C05100F0F049 /* Group.swift */,
				20A0E5CC2151C05100F0F049 /* User.swift */,
				B80B5FBD2154AF0D0008675D /* EventType.swift */,
				B87C8E6E215B1B7100560397 /* Reminder.swift */,
			);
			path = Models;
			sourceTree = "<group>";
		};
		208053852151B7FE002CAAE4 /* Services */ = {
			isa = PBXGroup;
			children = (
				20B3834A21543BA30056F1DA /* UserServices.swift */,
				20B3834821543B860056F1DA /* GroupServices.swift */,
				B85B9B74215C71FA00A52C10 /* ReminderServices.swift */,
				B8CA1FB22186712100D036DE /* NetworkManager.swift */,
			);
			path = Services;
			sourceTree = "<group>";
		};
		A9BB48B3A7B8887E15B941E7 /* Pods */ = {
			isa = PBXGroup;
			children = (
				485997FAB326B9B07BEDF111 /* Pods-remindMe.debug.xcconfig */,
				E32CFE63E4E49BB60953C9FF /* Pods-remindMe.release.xcconfig */,
				50224F522EBBC67AC465D00D /* Pods-remindMeTests.debug.xcconfig */,
				209B3253C77C7CA9A185BC92 /* Pods-remindMeTests.release.xcconfig */,
			);
			name = Pods;
			sourceTree = "<group>";
		};
		B80251372159D79F00311405 /* Helpers */ = {
			isa = PBXGroup;
			children = (
				20B38344215435790056F1DA /* Constant.swift */,
				20A0E5D02151C97400F0F049 /* GeoCoder.swift */,
			);
			path = Helpers;
			sourceTree = "<group>";
		};
		B83C11F62151B99800A6BAE3 /* Controllers */ = {
			isa = PBXGroup;
			children = (
				B83C11F72151B9E800A6BAE3 /* GroupListViewController.swift */,
				B85CD7B72154648D002027A5 /* ReminderListViewController.swift */,
				B85CD7BA215464FB002027A5 /* CreateGroupViewController.swift */,
				B85CD7BC21546514002027A5 /* CreateReminderViewController.swift */,
				B8B990542173BECE00850027 /* SignUpViewController.swift */,
				B8F8C1C42173CB7F006BDBD3 /* SignInViewController.swift */,
				B8CA1FB421867E3900D036DE /* OfflineViewController.swift */,
				20D913B021A8904B007170A1 /* NewReminderViewController.swift */,
			);
			path = Controllers;
			sourceTree = "<group>";
		};
		B8E63EA92151E96900DC3C5C /* Views */ = {
			isa = PBXGroup;
			children = (
				B8E63EAA2151E9D200DC3C5C /* GroupListTableViewCell.swift */,
				B8AB97D32157159500A6A3C7 /* ReminderListTableViewCell.swift */,
				208AD46F21A5FF3C00F8C331 /* GoupCustomView.swift */,
				20D913AC21A63AF5007170A1 /* CustomViews.swift */,
				20D913AE21A763AC007170A1 /* ReminderView.swift */,
			);
			path = Views;
			sourceTree = "<group>";
		};
		B8E63EAC2151E9F100DC3C5C /* Extensions */ = {
			isa = PBXGroup;
			children = (
				20C02DA2219F68D1009AD46E /* Date+Extensions.swift */,
				20C02DA1219F68D1009AD46E /* String+Extensions.swift */,
				2028877B219B95AB009C517C /* UIViewControllers+Extension.swift */,
				B8E63EAD2151EB7D00DC3C5C /* GroupListViewController+Extension .swift */,
				B8AB97D52157164B00A6A3C7 /* ReminderListViewController+Extension.swift */,
				B802513A2159E47A00311405 /* CreateReminderViewController+Extension.swift */,
				B802513C2159F8AD00311405 /* CreateGroupViewController+Extension.swift */,
				B802513E2159FA3E00311405 /* JSONEncoder+Extension.swift */,
				B80251402159FA7E00311405 /* JSONDecoder+Extension.swift */,
				B85B9B76215C876C00A52C10 /* Int+Extension.swift */,
				B80AA766215EE33F001BA1ED /* Date+String+Extension.swift */,
				B8193DD72196491C007CE160 /* UIView+Extension.swift */,
				B87AA690218FE20800BDB606 /* UIColor+Extension.swift */,
				B838DC0921B4C8F300F0C16F /* SignInViewController+Extensions.swift */,
			);
			path = Extensions;
			sourceTree = "<group>";
		};
		F34C344C1DA96673C3A56DA8 /* Frameworks */ = {
			isa = PBXGroup;
			children = (
				5DE44E3A8AEB7625349D0263 /* Pods_remindMe.framework */,
				65B3E3567EB1601D9E258CEE /* Pods_remindMeTests.framework */,
			);
			name = Frameworks;
			sourceTree = "<group>";
		};
/* End PBXGroup section */

/* Begin PBXNativeTarget section */
		204B9BDE214C82CE000A1619 /* remindMe */ = {
			isa = PBXNativeTarget;
			buildConfigurationList = 204B9BFC214C82D0000A1619 /* Build configuration list for PBXNativeTarget "remindMe" */;
			buildPhases = (
				0C3D47DCCEB8A42E5038903A /* [CP] Check Pods Manifest.lock */,
				204B9BDB214C82CE000A1619 /* Sources */,
				204B9BDC214C82CE000A1619 /* Frameworks */,
				204B9BDD214C82CE000A1619 /* Resources */,
				FEF2BEA47C294069E3D84D9A /* [CP] Embed Pods Frameworks */,
				EABBAFE91072F5840458B160 /* [CP] Copy Pods Resources */,
			);
			buildRules = (
			);
			dependencies = (
			);
			name = remindMe;
			productName = remindMe;
			productReference = 204B9BDF214C82CE000A1619 /* remindMe.app */;
			productType = "com.apple.product-type.application";
		};
		204B9BF2214C82D0000A1619 /* remindMeTests */ = {
			isa = PBXNativeTarget;
			buildConfigurationList = 204B9BFF214C82D0000A1619 /* Build configuration list for PBXNativeTarget "remindMeTests" */;
			buildPhases = (
				C358A72B918941477770102B /* [CP] Check Pods Manifest.lock */,
				204B9BEF214C82D0000A1619 /* Sources */,
				204B9BF0214C82D0000A1619 /* Frameworks */,
				204B9BF1214C82D0000A1619 /* Resources */,
			);
			buildRules = (
			);
			dependencies = (
				204B9BF5214C82D0000A1619 /* PBXTargetDependency */,
			);
			name = remindMeTests;
			productName = remindMeTests;
			productReference = 204B9BF3214C82D0000A1619 /* remindMeTests.xctest */;
			productType = "com.apple.product-type.bundle.unit-test";
		};
/* End PBXNativeTarget section */

/* Begin PBXProject section */
		204B9BD7214C82CE000A1619 /* Project object */ = {
			isa = PBXProject;
			attributes = {
				LastSwiftUpdateCheck = 0940;
				LastUpgradeCheck = 0940;
				ORGANIZATIONNAME = "Yves Songolo";
				TargetAttributes = {
					204B9BDE214C82CE000A1619 = {
						CreatedOnToolsVersion = 9.4.1;
					};
					204B9BF2214C82D0000A1619 = {
						CreatedOnToolsVersion = 9.4.1;
						TestTargetID = 204B9BDE214C82CE000A1619;
					};
				};
			};
			buildConfigurationList = 204B9BDA214C82CE000A1619 /* Build configuration list for PBXProject "remindMe" */;
			compatibilityVersion = "Xcode 9.3";
			developmentRegion = en;
			hasScannedForEncodings = 0;
			knownRegions = (
				en,
				Base,
			);
			mainGroup = 204B9BD6214C82CE000A1619;
			productRefGroup = 204B9BE0214C82CE000A1619 /* Products */;
			projectDirPath = "";
			projectRoot = "";
			targets = (
				204B9BDE214C82CE000A1619 /* remindMe */,
				204B9BF2214C82D0000A1619 /* remindMeTests */,
			);
		};
/* End PBXProject section */

/* Begin PBXResourcesBuildPhase section */
		204B9BDD214C82CE000A1619 /* Resources */ = {
			isa = PBXResourcesBuildPhase;
			buildActionMask = 2147483647;
			files = (
				208AD46E21A5EDFE00F8C331 /* GoogleService-Info.plist in Resources */,
				204B9BED214C82D0000A1619 /* LaunchScreen.storyboard in Resources */,
				204B9BEA214C82D0000A1619 /* Assets.xcassets in Resources */,
				204B9BE8214C82CE000A1619 /* Main.storyboard in Resources */,
			);
			runOnlyForDeploymentPostprocessing = 0;
		};
		204B9BF1214C82D0000A1619 /* Resources */ = {
			isa = PBXResourcesBuildPhase;
			buildActionMask = 2147483647;
			files = (
			);
			runOnlyForDeploymentPostprocessing = 0;
		};
/* End PBXResourcesBuildPhase section */

/* Begin PBXShellScriptBuildPhase section */
		0C3D47DCCEB8A42E5038903A /* [CP] Check Pods Manifest.lock */ = {
			isa = PBXShellScriptBuildPhase;
			buildActionMask = 2147483647;
			files = (
			);
			inputPaths = (
				"${PODS_PODFILE_DIR_PATH}/Podfile.lock",
				"${PODS_ROOT}/Manifest.lock",
			);
			name = "[CP] Check Pods Manifest.lock";
			outputPaths = (
				"$(DERIVED_FILE_DIR)/Pods-remindMe-checkManifestLockResult.txt",
			);
			runOnlyForDeploymentPostprocessing = 0;
			shellPath = /bin/sh;
			shellScript = "diff \"${PODS_PODFILE_DIR_PATH}/Podfile.lock\" \"${PODS_ROOT}/Manifest.lock\" > /dev/null\nif [ $? != 0 ] ; then\n    # print error to STDERR\n    echo \"error: The sandbox is not in sync with the Podfile.lock. Run 'pod install' or update your CocoaPods installation.\" >&2\n    exit 1\nfi\n# This output is used by Xcode 'outputs' to avoid re-running this script phase.\necho \"SUCCESS\" > \"${SCRIPT_OUTPUT_FILE_0}\"\n";
			showEnvVarsInLog = 0;
		};
		C358A72B918941477770102B /* [CP] Check Pods Manifest.lock */ = {
			isa = PBXShellScriptBuildPhase;
			buildActionMask = 2147483647;
			files = (
			);
			inputPaths = (
				"${PODS_PODFILE_DIR_PATH}/Podfile.lock",
				"${PODS_ROOT}/Manifest.lock",
			);
			name = "[CP] Check Pods Manifest.lock";
			outputPaths = (
				"$(DERIVED_FILE_DIR)/Pods-remindMeTests-checkManifestLockResult.txt",
			);
			runOnlyForDeploymentPostprocessing = 0;
			shellPath = /bin/sh;
			shellScript = "diff \"${PODS_PODFILE_DIR_PATH}/Podfile.lock\" \"${PODS_ROOT}/Manifest.lock\" > /dev/null\nif [ $? != 0 ] ; then\n    # print error to STDERR\n    echo \"error: The sandbox is not in sync with the Podfile.lock. Run 'pod install' or update your CocoaPods installation.\" >&2\n    exit 1\nfi\n# This output is used by Xcode 'outputs' to avoid re-running this script phase.\necho \"SUCCESS\" > \"${SCRIPT_OUTPUT_FILE_0}\"\n";
			showEnvVarsInLog = 0;
		};
		EABBAFE91072F5840458B160 /* [CP] Copy Pods Resources */ = {
			isa = PBXShellScriptBuildPhase;
			buildActionMask = 2147483647;
			files = (
			);
			inputPaths = (
				"${PODS_ROOT}/Target Support Files/Pods-remindMe/Pods-remindMe-resources.sh",
				"${PODS_CONFIGURATION_BUILD_DIR}/FirebaseUI/FirebaseAuthUI.bundle",
				"${PODS_ROOT}/GoogleSignIn/Resources/GoogleSignIn.bundle",
			);
			name = "[CP] Copy Pods Resources";
			outputPaths = (
				"${TARGET_BUILD_DIR}/${UNLOCALIZED_RESOURCES_FOLDER_PATH}/FirebaseAuthUI.bundle",
				"${TARGET_BUILD_DIR}/${UNLOCALIZED_RESOURCES_FOLDER_PATH}/GoogleSignIn.bundle",
			);
			runOnlyForDeploymentPostprocessing = 0;
			shellPath = /bin/sh;
			shellScript = "\"${PODS_ROOT}/Target Support Files/Pods-remindMe/Pods-remindMe-resources.sh\"\n";
			showEnvVarsInLog = 0;
		};
		FEF2BEA47C294069E3D84D9A /* [CP] Embed Pods Frameworks */ = {
			isa = PBXShellScriptBuildPhase;
			buildActionMask = 2147483647;
			files = (
			);
			inputPaths = (
				"${PODS_ROOT}/Target Support Files/Pods-remindMe/Pods-remindMe-frameworks.sh",
				"${BUILT_PRODUCTS_DIR}/Bolts/Bolts.framework",
				"${BUILT_PRODUCTS_DIR}/FBSDKCoreKit/FBSDKCoreKit.framework",
				"${BUILT_PRODUCTS_DIR}/FBSDKLoginKit/FBSDKLoginKit.framework",
				"${BUILT_PRODUCTS_DIR}/GTMOAuth2/GTMOAuth2.framework",
				"${BUILT_PRODUCTS_DIR}/GTMSessionFetcher/GTMSessionFetcher.framework",
				"${BUILT_PRODUCTS_DIR}/GoogleToolboxForMac/GoogleToolboxForMac.framework",
				"${BUILT_PRODUCTS_DIR}/GoogleUtilities/GoogleUtilities.framework",
				"${BUILT_PRODUCTS_DIR}/IQKeyboardManagerSwift/IQKeyboardManagerSwift.framework",
				"${BUILT_PRODUCTS_DIR}/JLocationKit/JLocationKit.framework",
				"${BUILT_PRODUCTS_DIR}/Protobuf/Protobuf.framework",
				"${BUILT_PRODUCTS_DIR}/ReachabilitySwift/Reachability.framework",
				"${BUILT_PRODUCTS_DIR}/leveldb-library/leveldb.framework",
				"${BUILT_PRODUCTS_DIR}/nanopb/nanopb.framework",
			);
			name = "[CP] Embed Pods Frameworks";
			outputPaths = (
				"${TARGET_BUILD_DIR}/${FRAMEWORKS_FOLDER_PATH}/Bolts.framework",
				"${TARGET_BUILD_DIR}/${FRAMEWORKS_FOLDER_PATH}/FBSDKCoreKit.framework",
				"${TARGET_BUILD_DIR}/${FRAMEWORKS_FOLDER_PATH}/FBSDKLoginKit.framework",
				"${TARGET_BUILD_DIR}/${FRAMEWORKS_FOLDER_PATH}/GTMOAuth2.framework",
				"${TARGET_BUILD_DIR}/${FRAMEWORKS_FOLDER_PATH}/GTMSessionFetcher.framework",
				"${TARGET_BUILD_DIR}/${FRAMEWORKS_FOLDER_PATH}/GoogleToolboxForMac.framework",
				"${TARGET_BUILD_DIR}/${FRAMEWORKS_FOLDER_PATH}/GoogleUtilities.framework",
				"${TARGET_BUILD_DIR}/${FRAMEWORKS_FOLDER_PATH}/IQKeyboardManagerSwift.framework",
				"${TARGET_BUILD_DIR}/${FRAMEWORKS_FOLDER_PATH}/JLocationKit.framework",
				"${TARGET_BUILD_DIR}/${FRAMEWORKS_FOLDER_PATH}/Protobuf.framework",
				"${TARGET_BUILD_DIR}/${FRAMEWORKS_FOLDER_PATH}/Reachability.framework",
				"${TARGET_BUILD_DIR}/${FRAMEWORKS_FOLDER_PATH}/leveldb.framework",
				"${TARGET_BUILD_DIR}/${FRAMEWORKS_FOLDER_PATH}/nanopb.framework",
			);
			runOnlyForDeploymentPostprocessing = 0;
			shellPath = /bin/sh;
			shellScript = "\"${PODS_ROOT}/Target Support Files/Pods-remindMe/Pods-remindMe-frameworks.sh\"\n";
			showEnvVarsInLog = 0;
		};
/* End PBXShellScriptBuildPhase section */

/* Begin PBXSourcesBuildPhase section */
		204B9BDB214C82CE000A1619 /* Sources */ = {
			isa = PBXSourcesBuildPhase;
			buildActionMask = 2147483647;
			files = (
				20B3834B21543BA30056F1DA /* UserServices.swift in Sources */,
				20D913AD21A63AF5007170A1 /* CustomViews.swift in Sources */,
				20C02DA3219F68D1009AD46E /* String+Extensions.swift in Sources */,
				B802513B2159E47A00311405 /* CreateReminderViewController+Extension.swift in Sources */,
				20D913AF21A763AC007170A1 /* ReminderView.swift in Sources */,
				B83C11F82151B9E800A6BAE3 /* GroupListViewController.swift in Sources */,
				B87C8E6F215B1B7100560397 /* Reminder.swift in Sources */,
				B8AB97D62157164B00A6A3C7 /* ReminderListViewController+Extension.swift in Sources */,
				204B9BE5214C82CE000A1619 /* ViewController.swift in Sources */,
				B80AA767215EE33F001BA1ED /* Date+String+Extension.swift in Sources */,
				B838DC0A21B4C8F300F0C16F /* SignInViewController+Extensions.swift in Sources */,
				B802513F2159FA3E00311405 /* JSONEncoder+Extension.swift in Sources */,
				2028877C219B95AB009C517C /* UIViewControllers+Extension.swift in Sources */,
				B80251412159FA7E00311405 /* JSONDecoder+Extension.swift in Sources */,
				20D913B121A8904B007170A1 /* NewReminderViewController.swift in Sources */,
				B87AA691218FE20800BDB606 /* UIColor+Extension.swift in Sources */,
				208AD47021A5FF3C00F8C331 /* GoupCustomView.swift in Sources */,
				204B9BE3214C82CE000A1619 /* AppDelegate.swift in Sources */,
				B85CD7B82154648D002027A5 /* ReminderListViewController.swift in Sources */,
				B85B9B77215C876C00A52C10 /* Int+Extension.swift in Sources */,
				B8E63EAB2151E9D200DC3C5C /* GroupListTableViewCell.swift in Sources */,
				B8E63EAE2151EB7D00DC3C5C /* GroupListViewController+Extension .swift in Sources */,
				B8AB97D42157159500A6A3C7 /* ReminderListTableViewCell.swift in Sources */,
				20A0E5CE2151C05100F0F049 /* User.swift in Sources */,
				20919678219E2B4500BCE0F9 /* remindMeTests.swift in Sources */,
				B8CA1FB521867E3900D036DE /* OfflineViewController.swift in Sources */,
				B8F8C1C52173CB7F006BDBD3 /* SignInViewController.swift in Sources */,
				B85CD7BD21546514002027A5 /* CreateReminderViewController.swift in Sources */,
				B85CD7BB215464FB002027A5 /* CreateGroupViewController.swift in Sources */,
				20A0E5D12151C97400F0F049 /* GeoCoder.swift in Sources */,
				20C02DA4219F68D1009AD46E /* Date+Extensions.swift in Sources */,
				B80B5FBE2154AF0D0008675D /* EventType.swift in Sources */,
				B85B9B75215C71FA00A52C10 /* ReminderServices.swift in Sources */,
				B802513D2159F8AD00311405 /* CreateGroupViewController+Extension.swift in Sources */,
				20A0E5CF2151C05100F0F049 /* Group.swift in Sources */,
				B8193DD82196491C007CE160 /* UIView+Extension.swift in Sources */,
				B8CA1FB32186712100D036DE /* NetworkManager.swift in Sources */,
				20B38345215435790056F1DA /* Constant.swift in Sources */,
				B8B990552173BECE00850027 /* SignUpViewController.swift in Sources */,
				20B3834921543B860056F1DA /* GroupServices.swift in Sources */,
			);
			runOnlyForDeploymentPostprocessing = 0;
		};
		204B9BEF214C82D0000A1619 /* Sources */ = {
			isa = PBXSourcesBuildPhase;
			buildActionMask = 2147483647;
			files = (
				2028877D219B95AB009C517C /* UIViewControllers+Extension.swift in Sources */,
				204B9BF8214C82D0000A1619 /* remindMeTests.swift in Sources */,
			);
			runOnlyForDeploymentPostprocessing = 0;
		};
/* End PBXSourcesBuildPhase section */

/* Begin PBXTargetDependency section */
		204B9BF5214C82D0000A1619 /* PBXTargetDependency */ = {
			isa = PBXTargetDependency;
			target = 204B9BDE214C82CE000A1619 /* remindMe */;
			targetProxy = 204B9BF4214C82D0000A1619 /* PBXContainerItemProxy */;
		};
/* End PBXTargetDependency section */

/* Begin PBXVariantGroup section */
		204B9BE6214C82CE000A1619 /* Main.storyboard */ = {
			isa = PBXVariantGroup;
			children = (
				204B9BE7214C82CE000A1619 /* Base */,
			);
			name = Main.storyboard;
			sourceTree = "<group>";
		};
		204B9BEB214C82D0000A1619 /* LaunchScreen.storyboard */ = {
			isa = PBXVariantGroup;
			children = (
				204B9BEC214C82D0000A1619 /* Base */,
			);
			name = LaunchScreen.storyboard;
			sourceTree = "<group>";
		};
/* End PBXVariantGroup section */

/* Begin XCBuildConfiguration section */
		204B9BFA214C82D0000A1619 /* Debug */ = {
			isa = XCBuildConfiguration;
			buildSettings = {
				ALWAYS_SEARCH_USER_PATHS = NO;
				CLANG_ANALYZER_NONNULL = YES;
				CLANG_ANALYZER_NUMBER_OBJECT_CONVERSION = YES_AGGRESSIVE;
				CLANG_CXX_LANGUAGE_STANDARD = "gnu++14";
				CLANG_CXX_LIBRARY = "libc++";
				CLANG_ENABLE_MODULES = YES;
				CLANG_ENABLE_OBJC_ARC = YES;
				CLANG_ENABLE_OBJC_WEAK = YES;
				CLANG_WARN_BLOCK_CAPTURE_AUTORELEASING = YES;
				CLANG_WARN_BOOL_CONVERSION = YES;
				CLANG_WARN_COMMA = YES;
				CLANG_WARN_CONSTANT_CONVERSION = YES;
				CLANG_WARN_DEPRECATED_OBJC_IMPLEMENTATIONS = YES;
				CLANG_WARN_DIRECT_OBJC_ISA_USAGE = YES_ERROR;
				CLANG_WARN_DOCUMENTATION_COMMENTS = YES;
				CLANG_WARN_EMPTY_BODY = YES;
				CLANG_WARN_ENUM_CONVERSION = YES;
				CLANG_WARN_INFINITE_RECURSION = YES;
				CLANG_WARN_INT_CONVERSION = YES;
				CLANG_WARN_NON_LITERAL_NULL_CONVERSION = YES;
				CLANG_WARN_OBJC_IMPLICIT_RETAIN_SELF = YES;
				CLANG_WARN_OBJC_LITERAL_CONVERSION = YES;
				CLANG_WARN_OBJC_ROOT_CLASS = YES_ERROR;
				CLANG_WARN_RANGE_LOOP_ANALYSIS = YES;
				CLANG_WARN_STRICT_PROTOTYPES = YES;
				CLANG_WARN_SUSPICIOUS_MOVE = YES;
				CLANG_WARN_UNGUARDED_AVAILABILITY = YES_AGGRESSIVE;
				CLANG_WARN_UNREACHABLE_CODE = YES;
				CLANG_WARN__DUPLICATE_METHOD_MATCH = YES;
				CODE_SIGN_IDENTITY = "iPhone Developer";
				COPY_PHASE_STRIP = NO;
				DEBUG_INFORMATION_FORMAT = dwarf;
				ENABLE_STRICT_OBJC_MSGSEND = YES;
				ENABLE_TESTABILITY = YES;
				GCC_C_LANGUAGE_STANDARD = gnu11;
				GCC_DYNAMIC_NO_PIC = NO;
				GCC_NO_COMMON_BLOCKS = YES;
				GCC_OPTIMIZATION_LEVEL = 0;
				GCC_PREPROCESSOR_DEFINITIONS = (
					"DEBUG=1",
					"$(inherited)",
				);
				GCC_WARN_64_TO_32_BIT_CONVERSION = YES;
				GCC_WARN_ABOUT_RETURN_TYPE = YES_ERROR;
				GCC_WARN_UNDECLARED_SELECTOR = YES;
				GCC_WARN_UNINITIALIZED_AUTOS = YES_AGGRESSIVE;
				GCC_WARN_UNUSED_FUNCTION = YES;
				GCC_WARN_UNUSED_VARIABLE = YES;
				IPHONEOS_DEPLOYMENT_TARGET = 11.4;
				MTL_ENABLE_DEBUG_INFO = YES;
				ONLY_ACTIVE_ARCH = YES;
				SDKROOT = iphoneos;
				SWIFT_ACTIVE_COMPILATION_CONDITIONS = DEBUG;
				SWIFT_OPTIMIZATION_LEVEL = "-Onone";
			};
			name = Debug;
		};
		204B9BFB214C82D0000A1619 /* Release */ = {
			isa = XCBuildConfiguration;
			buildSettings = {
				ALWAYS_SEARCH_USER_PATHS = NO;
				CLANG_ANALYZER_NONNULL = YES;
				CLANG_ANALYZER_NUMBER_OBJECT_CONVERSION = YES_AGGRESSIVE;
				CLANG_CXX_LANGUAGE_STANDARD = "gnu++14";
				CLANG_CXX_LIBRARY = "libc++";
				CLANG_ENABLE_MODULES = YES;
				CLANG_ENABLE_OBJC_ARC = YES;
				CLANG_ENABLE_OBJC_WEAK = YES;
				CLANG_WARN_BLOCK_CAPTURE_AUTORELEASING = YES;
				CLANG_WARN_BOOL_CONVERSION = YES;
				CLANG_WARN_COMMA = YES;
				CLANG_WARN_CONSTANT_CONVERSION = YES;
				CLANG_WARN_DEPRECATED_OBJC_IMPLEMENTATIONS = YES;
				CLANG_WARN_DIRECT_OBJC_ISA_USAGE = YES_ERROR;
				CLANG_WARN_DOCUMENTATION_COMMENTS = YES;
				CLANG_WARN_EMPTY_BODY = YES;
				CLANG_WARN_ENUM_CONVERSION = YES;
				CLANG_WARN_INFINITE_RECURSION = YES;
				CLANG_WARN_INT_CONVERSION = YES;
				CLANG_WARN_NON_LITERAL_NULL_CONVERSION = YES;
				CLANG_WARN_OBJC_IMPLICIT_RETAIN_SELF = YES;
				CLANG_WARN_OBJC_LITERAL_CONVERSION = YES;
				CLANG_WARN_OBJC_ROOT_CLASS = YES_ERROR;
				CLANG_WARN_RANGE_LOOP_ANALYSIS = YES;
				CLANG_WARN_STRICT_PROTOTYPES = YES;
				CLANG_WARN_SUSPICIOUS_MOVE = YES;
				CLANG_WARN_UNGUARDED_AVAILABILITY = YES_AGGRESSIVE;
				CLANG_WARN_UNREACHABLE_CODE = YES;
				CLANG_WARN__DUPLICATE_METHOD_MATCH = YES;
				CODE_SIGN_IDENTITY = "iPhone Developer";
				COPY_PHASE_STRIP = NO;
				DEBUG_INFORMATION_FORMAT = "dwarf-with-dsym";
				ENABLE_NS_ASSERTIONS = NO;
				ENABLE_STRICT_OBJC_MSGSEND = YES;
				GCC_C_LANGUAGE_STANDARD = gnu11;
				GCC_NO_COMMON_BLOCKS = YES;
				GCC_WARN_64_TO_32_BIT_CONVERSION = YES;
				GCC_WARN_ABOUT_RETURN_TYPE = YES_ERROR;
				GCC_WARN_UNDECLARED_SELECTOR = YES;
				GCC_WARN_UNINITIALIZED_AUTOS = YES_AGGRESSIVE;
				GCC_WARN_UNUSED_FUNCTION = YES;
				GCC_WARN_UNUSED_VARIABLE = YES;
				IPHONEOS_DEPLOYMENT_TARGET = 11.4;
				MTL_ENABLE_DEBUG_INFO = NO;
				SDKROOT = iphoneos;
				SWIFT_COMPILATION_MODE = wholemodule;
				SWIFT_OPTIMIZATION_LEVEL = "-O";
				VALIDATE_PRODUCT = YES;
			};
			name = Release;
		};
		204B9BFD214C82D0000A1619 /* Debug */ = {
			isa = XCBuildConfiguration;
			baseConfigurationReference = 485997FAB326B9B07BEDF111 /* Pods-remindMe.debug.xcconfig */;
			buildSettings = {
				ASSETCATALOG_COMPILER_APPICON_NAME = AppIcon;
				CODE_SIGN_STYLE = Automatic;
				DEVELOPMENT_TEAM = 966X5T4Q98;
				INFOPLIST_FILE = remindMe/Info.plist;
				LD_RUNPATH_SEARCH_PATHS = (
					"$(inherited)",
					"@executable_path/Frameworks",
				);
				PRODUCT_BUNDLE_IDENTIFIER = com.yveslym.remindMe;
				PRODUCT_NAME = "$(TARGET_NAME)";
				SWIFT_VERSION = 4.0;
				TARGETED_DEVICE_FAMILY = 1;
			};
			name = Debug;
		};
		204B9BFE214C82D0000A1619 /* Release */ = {
			isa = XCBuildConfiguration;
			baseConfigurationReference = E32CFE63E4E49BB60953C9FF /* Pods-remindMe.release.xcconfig */;
			buildSettings = {
				ASSETCATALOG_COMPILER_APPICON_NAME = AppIcon;
				CODE_SIGN_STYLE = Automatic;
				DEVELOPMENT_TEAM = 966X5T4Q98;
				INFOPLIST_FILE = remindMe/Info.plist;
				LD_RUNPATH_SEARCH_PATHS = (
					"$(inherited)",
					"@executable_path/Frameworks",
				);
				PRODUCT_BUNDLE_IDENTIFIER = com.yveslym.remindMe;
				PRODUCT_NAME = "$(TARGET_NAME)";
				SWIFT_VERSION = 4.0;
				TARGETED_DEVICE_FAMILY = 1;
			};
			name = Release;
		};
		204B9C00214C82D0000A1619 /* Debug */ = {
			isa = XCBuildConfiguration;
			baseConfigurationReference = 50224F522EBBC67AC465D00D /* Pods-remindMeTests.debug.xcconfig */;
			buildSettings = {
				ALWAYS_EMBED_SWIFT_STANDARD_LIBRARIES = YES;
				BUNDLE_LOADER = "$(TEST_HOST)";
				CODE_SIGN_STYLE = Automatic;
				DEVELOPMENT_TEAM = K7R433H2CL;
				INFOPLIST_FILE = remindMeTests/Info.plist;
				LD_RUNPATH_SEARCH_PATHS = (
					"$(inherited)",
					"@executable_path/Frameworks",
					"@loader_path/Frameworks",
				);
				PRODUCT_BUNDLE_IDENTIFIER = com.yveslym.remindMeTests;
				PRODUCT_NAME = "$(TARGET_NAME)";
				SWIFT_VERSION = 4.0;
				TARGETED_DEVICE_FAMILY = "1,2";
				TEST_HOST = "$(BUILT_PRODUCTS_DIR)/remindMe.app/remindMe";
			};
			name = Debug;
		};
		204B9C01214C82D0000A1619 /* Release */ = {
			isa = XCBuildConfiguration;
			baseConfigurationReference = 209B3253C77C7CA9A185BC92 /* Pods-remindMeTests.release.xcconfig */;
			buildSettings = {
				ALWAYS_EMBED_SWIFT_STANDARD_LIBRARIES = YES;
				BUNDLE_LOADER = "$(TEST_HOST)";
				CODE_SIGN_STYLE = Automatic;
				DEVELOPMENT_TEAM = K7R433H2CL;
				INFOPLIST_FILE = remindMeTests/Info.plist;
				LD_RUNPATH_SEARCH_PATHS = (
					"$(inherited)",
					"@executable_path/Frameworks",
					"@loader_path/Frameworks",
				);
				PRODUCT_BUNDLE_IDENTIFIER = com.yveslym.remindMeTests;
				PRODUCT_NAME = "$(TARGET_NAME)";
				SWIFT_VERSION = 4.0;
				TARGETED_DEVICE_FAMILY = "1,2";
				TEST_HOST = "$(BUILT_PRODUCTS_DIR)/remindMe.app/remindMe";
			};
			name = Release;
		};
/* End XCBuildConfiguration section */

/* Begin XCConfigurationList section */
		204B9BDA214C82CE000A1619 /* Build configuration list for PBXProject "remindMe" */ = {
			isa = XCConfigurationList;
			buildConfigurations = (
				204B9BFA214C82D0000A1619 /* Debug */,
				204B9BFB214C82D0000A1619 /* Release */,
			);
			defaultConfigurationIsVisible = 0;
			defaultConfigurationName = Release;
		};
		204B9BFC214C82D0000A1619 /* Build configuration list for PBXNativeTarget "remindMe" */ = {
			isa = XCConfigurationList;
			buildConfigurations = (
				204B9BFD214C82D0000A1619 /* Debug */,
				204B9BFE214C82D0000A1619 /* Release */,
			);
			defaultConfigurationIsVisible = 0;
			defaultConfigurationName = Release;
		};
		204B9BFF214C82D0000A1619 /* Build configuration list for PBXNativeTarget "remindMeTests" */ = {
			isa = XCConfigurationList;
			buildConfigurations = (
				204B9C00214C82D0000A1619 /* Debug */,
				204B9C01214C82D0000A1619 /* Release */,
			);
			defaultConfigurationIsVisible = 0;
			defaultConfigurationName = Release;
		};
/* End XCConfigurationList section */
	};
	rootObject = 204B9BD7214C82CE000A1619 /* Project object */;
}
